
Microsoft Visual Studio Solution File, Format Version 12.00
# Visual Studio Version 17
VisualStudioVersion = 17.12.35707.178
MinimumVisualStudioVersion = 10.0.40219.1
Project("{FAE04EC0-301F-11D3-BF4B-00C04F79EFBC}") = "Sparky", "Sparky\Sparky.csproj", "{740D086F-C09E-470D-A865-2351AE0E31C9}"
EndProject
Project("{FAE04EC0-301F-11D3-BF4B-00C04F79EFBC}") = "SparkyMSTest", "SparkyMSTest\SparkyMSTest.csproj", "{0751544F-DA95-4392-B670-99EFDC6D6E7A}"
EndProject
Project("{FAE04EC0-301F-11D3-BF4B-00C04F79EFBC}") = "SparkyNUnitTest", "SparkyNUnitTest\SparkyNUnitTest.csproj", "{AF86AFE3-4D05-41C2-8174-BEC18CDB3A90}"
EndProject
Project("{FAE04EC0-301F-11D3-BF4B-00C04F79EFBC}") = "SparkyXUnit", "SparkyXUnit\SparkyXUnit.csproj", "{BA5EC109-0756-4125-9FC9-03C92C0A49C0}"
EndProject
Project("{2150E333-8FDC-42A3-9474-1A3956D46DE8}") = "Basic Foundation", "Basic Foundation", "{B9F167CB-DF25-4F82-9E8D-1F2845D4CD4C}"
EndProject
Global
	GlobalSection(SolutionConfigurationPlatforms) = preSolution
		Debug|Any CPU = Debug|Any CPU
		Release|Any CPU = Release|Any CPU
	EndGlobalSection
	GlobalSection(ProjectConfigurationPlatforms) = postSolution
		{740D086F-C09E-470D-A865-2351AE0E31C9}.Debug|Any CPU.ActiveCfg = Debug|Any CPU
		{740D086F-C09E-470D-A865-2351AE0E31C9}.Debug|Any CPU.Build.0 = Debug|Any CPU
		{740D086F-C09E-470D-A865-2351AE0E31C9}.Release|Any CPU.ActiveCfg = Release|Any CPU
		{740D086F-C09E-470D-A865-2351AE0E31C9}.Release|Any CPU.Build.0 = Release|Any CPU
		{0751544F-DA95-4392-B670-99EFDC6D6E7A}.Debug|Any CPU.ActiveCfg = Debug|Any CPU
		{0751544F-DA95-4392-B670-99EFDC6D6E7A}.Debug|Any CPU.Build.0 = Debug|Any CPU
		{0751544F-DA95-4392-B670-99EFDC6D6E7A}.Release|Any CPU.ActiveCfg = Release|Any CPU
		{0751544F-DA95-4392-B670-99EFDC6D6E7A}.Release|Any CPU.Build.0 = Release|Any CPU
		{AF86AFE3-4D05-41C2-8174-BEC18CDB3A90}.Debug|Any CPU.ActiveCfg = Debug|Any CPU
		{AF86AFE3-4D05-41C2-8174-BEC18CDB3A90}.Debug|Any CPU.Build.0 = Debug|Any CPU
		{AF86AFE3-4D05-41C2-8174-BEC18CDB3A90}.Release|Any CPU.ActiveCfg = Release|Any CPU
		{AF86AFE3-4D05-41C2-8174-BEC18CDB3A90}.Release|Any CPU.Build.0 = Release|Any CPU
		{BA5EC109-0756-4125-9FC9-03C92C0A49C0}.Debug|Any CPU.ActiveCfg = Debug|Any CPU
		{BA5EC109-0756-4125-9FC9-03C92C0A49C0}.Debug|Any CPU.Build.0 = Debug|Any CPU
		{BA5EC109-0756-4125-9FC9-03C92C0A49C0}.Release|Any CPU.ActiveCfg = Release|Any CPU
		{BA5EC109-0756-4125-9FC9-03C92C0A49C0}.Release|Any CPU.Build.0 = Release|Any CPU
	EndGlobalSection
	GlobalSection(SolutionProperties) = preSolution
		HideSolutionNode = FALSE
	EndGlobalSection
	GlobalSection(NestedProjects) = preSolution
		{740D086F-C09E-470D-A865-2351AE0E31C9} = {B9F167CB-DF25-4F82-9E8D-1F2845D4CD4C}
		{0751544F-DA95-4392-B670-99EFDC6D6E7A} = {B9F167CB-DF25-4F82-9E8D-1F2845D4CD4C}
		{AF86AFE3-4D05-41C2-8174-BEC18CDB3A90} = {B9F167CB-DF25-4F82-9E8D-1F2845D4CD4C}
		{BA5EC109-0756-4125-9FC9-03C92C0A49C0} = {B9F167CB-DF25-4F82-9E8D-1F2845D4CD4C}
	EndGlobalSection
EndGlobal
