
Microsoft Visual Studio Solution File, Format Version 12.00
# Visual Studio Version 17
VisualStudioVersion = 17.12.35707.178
MinimumVisualStudioVersion = 10.0.40219.1
Project("{FAE04EC0-301F-11D3-BF4B-00C04F79EFBC}") = "Sparky", "Sparky\Sparky.csproj", "{740D086F-C09E-470D-A865-2351AE0E31C9}"
EndProject
Project("{FAE04EC0-301F-11D3-BF4B-00C04F79EFBC}") = "SparkyMSTest", "SparkyMSTest\SparkyMSTest.csproj", "{0751544F-DA95-4392-B670-99EFDC6D6E7A}"
EndProject
Project("{FAE04EC0-301F-11D3-BF4B-00C04F79EFBC}") = "SparkyNUnitTest", "SparkyNUnitTest\SparkyNUnitTest.csproj", "{AF86AFE3-4D05-41C2-8174-BEC18CDB3A90}"
EndProject
Project("{FAE04EC0-301F-11D3-BF4B-00C04F79EFBC}") = "SparkyXUnit", "SparkyXUnit\SparkyXUnit.csproj", "{BA5EC109-0756-4125-9FC9-03C92C0A49C0}"
EndProject
Project("{2150E333-8FDC-42A3-9474-1A3956D46DE8}") = "Basic Foundation", "Basic Foundation", "{B9F167CB-DF25-4F82-9E8D-1F2845D4CD4C}"
EndProject
Project("{2150E333-8FDC-42A3-9474-1A3956D46DE8}") = "BongoWeb", "BongoWeb", "{8D4648E6-9C0C-4B69-81CA-89AAAE52DF45}"
EndProject
Project("{FAE04EC0-301F-11D3-BF4B-00C04F79EFBC}") = "Bongo.Core", "Bongo_InitialSetup (.NET 6)\Bongo.Core\Bongo.Core.csproj", "{3362210C-999B-47DF-8A26-B78B3F879695}"
EndProject
Project("{FAE04EC0-301F-11D3-BF4B-00C04F79EFBC}") = "Bongo.DataAccess", "Bongo_InitialSetup (.NET 6)\Bongo.DataAccess\Bongo.DataAccess.csproj", "{6076E8A3-D4AC-4C91-A4D7-BAC9D33F6AB5}"
EndProject
Project("{FAE04EC0-301F-11D3-BF4B-00C04F79EFBC}") = "Bongo.Models", "Bongo_InitialSetup (.NET 6)\Bongo.Models\Bongo.Models.csproj", "{0DB67C37-56F2-456C-9DC6-8A686DBB46D6}"
EndProject
Project("{FAE04EC0-301F-11D3-BF4B-00C04F79EFBC}") = "Bongo.Web", "Bongo_InitialSetup (.NET 6)\Bongo.Web\Bongo.Web.csproj", "{20BE3938-9C22-499F-9004-DDE5EB1F31FC}"
EndProject
Project("{FAE04EC0-301F-11D3-BF4B-00C04F79EFBC}") = "Bango.Models.Tests", "Bango.Models.Tests\Bango.Models.Tests.csproj", "{7D2FE128-A5C4-4E36-A3C9-82C824937434}"
EndProject
Project("{FAE04EC0-301F-11D3-BF4B-00C04F79EFBC}") = "Bongo.DataAccess.Tests", "Bongo.DataAccess.Tests\Bongo.DataAccess.Tests.csproj", "{24FC5E35-0D17-45DE-AEEF-5AA868CF50ED}"
EndProject
Project("{FAE04EC0-301F-11D3-BF4B-00C04F79EFBC}") = "Bongo.Core.Test", "Bongo.Core.Test\Bongo.Core.Test.csproj", "{90C56277-98AA-4E4E-BDC0-8ABC4CDB10FF}"
EndProject
Project("{FAE04EC0-301F-11D3-BF4B-00C04F79EFBC}") = "Bongo.Web.Tests", "Bongo.Web.Tests\Bongo.Web.Tests.csproj", "{088E6614-A708-4EF2-AC82-1829B76667D1}"
EndProject
Global
	GlobalSection(SolutionConfigurationPlatforms) = preSolution
		Debug|Any CPU = Debug|Any CPU
		Release|Any CPU = Release|Any CPU
	EndGlobalSection
	GlobalSection(ProjectConfigurationPlatforms) = postSolution
		{740D086F-C09E-470D-A865-2351AE0E31C9}.Debug|Any CPU.ActiveCfg = Debug|Any CPU
		{740D086F-C09E-470D-A865-2351AE0E31C9}.Debug|Any CPU.Build.0 = Debug|Any CPU
		{740D086F-C09E-470D-A865-2351AE0E31C9}.Release|Any CPU.ActiveCfg = Release|Any CPU
		{740D086F-C09E-470D-A865-2351AE0E31C9}.Release|Any CPU.Build.0 = Release|Any CPU
		{0751544F-DA95-4392-B670-99EFDC6D6E7A}.Debug|Any CPU.ActiveCfg = Debug|Any CPU
		{0751544F-DA95-4392-B670-99EFDC6D6E7A}.Debug|Any CPU.Build.0 = Debug|Any CPU
		{0751544F-DA95-4392-B670-99EFDC6D6E7A}.Release|Any CPU.ActiveCfg = Release|Any CPU
		{0751544F-DA95-4392-B670-99EFDC6D6E7A}.Release|Any CPU.Build.0 = Release|Any CPU
		{AF86AFE3-4D05-41C2-8174-BEC18CDB3A90}.Debug|Any CPU.ActiveCfg = Debug|Any CPU
		{AF86AFE3-4D05-41C2-8174-BEC18CDB3A90}.Debug|Any CPU.Build.0 = Debug|Any CPU
		{AF86AFE3-4D05-41C2-8174-BEC18CDB3A90}.Release|Any CPU.ActiveCfg = Release|Any CPU
		{AF86AFE3-4D05-41C2-8174-BEC18CDB3A90}.Release|Any CPU.Build.0 = Release|Any CPU
		{BA5EC109-0756-4125-9FC9-03C92C0A49C0}.Debug|Any CPU.ActiveCfg = Debug|Any CPU
		{BA5EC109-0756-4125-9FC9-03C92C0A49C0}.Debug|Any CPU.Build.0 = Debug|Any CPU
		{BA5EC109-0756-4125-9FC9-03C92C0A49C0}.Release|Any CPU.ActiveCfg = Release|Any CPU
		{BA5EC109-0756-4125-9FC9-03C92C0A49C0}.Release|Any CPU.Build.0 = Release|Any CPU
		{3362210C-999B-47DF-8A26-B78B3F879695}.Debug|Any CPU.ActiveCfg = Debug|Any CPU
		{3362210C-999B-47DF-8A26-B78B3F879695}.Debug|Any CPU.Build.0 = Debug|Any CPU
		{3362210C-999B-47DF-8A26-B78B3F879695}.Release|Any CPU.ActiveCfg = Release|Any CPU
		{3362210C-999B-47DF-8A26-B78B3F879695}.Release|Any CPU.Build.0 = Release|Any CPU
		{6076E8A3-D4AC-4C91-A4D7-BAC9D33F6AB5}.Debug|Any CPU.ActiveCfg = Debug|Any CPU
		{6076E8A3-D4AC-4C91-A4D7-BAC9D33F6AB5}.Debug|Any CPU.Build.0 = Debug|Any CPU
		{6076E8A3-D4AC-4C91-A4D7-BAC9D33F6AB5}.Release|Any CPU.ActiveCfg = Release|Any CPU
		{6076E8A3-D4AC-4C91-A4D7-BAC9D33F6AB5}.Release|Any CPU.Build.0 = Release|Any CPU
		{0DB67C37-56F2-456C-9DC6-8A686DBB46D6}.Debug|Any CPU.ActiveCfg = Debug|Any CPU
		{0DB67C37-56F2-456C-9DC6-8A686DBB46D6}.Debug|Any CPU.Build.0 = Debug|Any CPU
		{0DB67C37-56F2-456C-9DC6-8A686DBB46D6}.Release|Any CPU.ActiveCfg = Release|Any CPU
		{0DB67C37-56F2-456C-9DC6-8A686DBB46D6}.Release|Any CPU.Build.0 = Release|Any CPU
		{20BE3938-9C22-499F-9004-DDE5EB1F31FC}.Debug|Any CPU.ActiveCfg = Debug|Any CPU
		{20BE3938-9C22-499F-9004-DDE5EB1F31FC}.Debug|Any CPU.Build.0 = Debug|Any CPU
		{20BE3938-9C22-499F-9004-DDE5EB1F31FC}.Release|Any CPU.ActiveCfg = Release|Any CPU
		{20BE3938-9C22-499F-9004-DDE5EB1F31FC}.Release|Any CPU.Build.0 = Release|Any CPU
		{7D2FE128-A5C4-4E36-A3C9-82C824937434}.Debug|Any CPU.ActiveCfg = Debug|Any CPU
		{7D2FE128-A5C4-4E36-A3C9-82C824937434}.Debug|Any CPU.Build.0 = Debug|Any CPU
		{7D2FE128-A5C4-4E36-A3C9-82C824937434}.Release|Any CPU.ActiveCfg = Release|Any CPU
		{7D2FE128-A5C4-4E36-A3C9-82C824937434}.Release|Any CPU.Build.0 = Release|Any CPU
		{24FC5E35-0D17-45DE-AEEF-5AA868CF50ED}.Debug|Any CPU.ActiveCfg = Debug|Any CPU
		{24FC5E35-0D17-45DE-AEEF-5AA868CF50ED}.Debug|Any CPU.Build.0 = Debug|Any CPU
		{24FC5E35-0D17-45DE-AEEF-5AA868CF50ED}.Release|Any CPU.ActiveCfg = Release|Any CPU
		{24FC5E35-0D17-45DE-AEEF-5AA868CF50ED}.Release|Any CPU.Build.0 = Release|Any CPU
		{90C56277-98AA-4E4E-BDC0-8ABC4CDB10FF}.Debug|Any CPU.ActiveCfg = Debug|Any CPU
		{90C56277-98AA-4E4E-BDC0-8ABC4CDB10FF}.Debug|Any CPU.Build.0 = Debug|Any CPU
		{90C56277-98AA-4E4E-BDC0-8ABC4CDB10FF}.Release|Any CPU.ActiveCfg = Release|Any CPU
		{90C56277-98AA-4E4E-BDC0-8ABC4CDB10FF}.Release|Any CPU.Build.0 = Release|Any CPU
		{088E6614-A708-4EF2-AC82-1829B76667D1}.Debug|Any CPU.ActiveCfg = Debug|Any CPU
		{088E6614-A708-4EF2-AC82-1829B76667D1}.Debug|Any CPU.Build.0 = Debug|Any CPU
		{088E6614-A708-4EF2-AC82-1829B76667D1}.Release|Any CPU.ActiveCfg = Release|Any CPU
		{088E6614-A708-4EF2-AC82-1829B76667D1}.Release|Any CPU.Build.0 = Release|Any CPU
	EndGlobalSection
	GlobalSection(SolutionProperties) = preSolution
		HideSolutionNode = FALSE
	EndGlobalSection
	GlobalSection(NestedProjects) = preSolution
		{740D086F-C09E-470D-A865-2351AE0E31C9} = {B9F167CB-DF25-4F82-9E8D-1F2845D4CD4C}
		{0751544F-DA95-4392-B670-99EFDC6D6E7A} = {B9F167CB-DF25-4F82-9E8D-1F2845D4CD4C}
		{AF86AFE3-4D05-41C2-8174-BEC18CDB3A90} = {B9F167CB-DF25-4F82-9E8D-1F2845D4CD4C}
		{BA5EC109-0756-4125-9FC9-03C92C0A49C0} = {B9F167CB-DF25-4F82-9E8D-1F2845D4CD4C}
		{3362210C-999B-47DF-8A26-B78B3F879695} = {8D4648E6-9C0C-4B69-81CA-89AAAE52DF45}
		{6076E8A3-D4AC-4C91-A4D7-BAC9D33F6AB5} = {8D4648E6-9C0C-4B69-81CA-89AAAE52DF45}
		{0DB67C37-56F2-456C-9DC6-8A686DBB46D6} = {8D4648E6-9C0C-4B69-81CA-89AAAE52DF45}
		{20BE3938-9C22-499F-9004-DDE5EB1F31FC} = {8D4648E6-9C0C-4B69-81CA-89AAAE52DF45}
		{7D2FE128-A5C4-4E36-A3C9-82C824937434} = {8D4648E6-9C0C-4B69-81CA-89AAAE52DF45}
		{24FC5E35-0D17-45DE-AEEF-5AA868CF50ED} = {8D4648E6-9C0C-4B69-81CA-89AAAE52DF45}
		{90C56277-98AA-4E4E-BDC0-8ABC4CDB10FF} = {8D4648E6-9C0C-4B69-81CA-89AAAE52DF45}
		{088E6614-A708-4EF2-AC82-1829B76667D1} = {8D4648E6-9C0C-4B69-81CA-89AAAE52DF45}
	EndGlobalSection
EndGlobal
